
Microsoft Visual Studio Solution File, Format Version 12.00
# Visual Studio 2012
Project("{FAE04EC0-301F-11D3-BF4B-00C04F79EFBC}") = "13_State", "13_State\13_State.csproj", "{537B525E-037A-40ED-80B3-F11704904FBF}"
EndProject
Global
	GlobalSection(SolutionConfigurationPlatforms) = preSolution
		Debug|Any CPU = Debug|Any CPU
		Release|Any CPU = Release|Any CPU
	EndGlobalSection
	GlobalSection(ProjectConfigurationPlatforms) = postSolution
		{537B525E-037A-40ED-80B3-F11704904FBF}.Debug|Any CPU.ActiveCfg = Debug|Any CPU
		{537B525E-037A-40ED-80B3-F11704904FBF}.Debug|Any CPU.Build.0 = Debug|Any CPU
		{537B525E-037A-40ED-80B3-F11704904FBF}.Release|Any CPU.ActiveCfg = Release|Any CPU
		{537B525E-037A-40ED-80B3-F11704904FBF}.Release|Any CPU.Build.0 = Release|Any CPU
	EndGlobalSection
	GlobalSection(SolutionProperties) = preSolution
		HideSolutionNode = FALSE
	EndGlobalSection
EndGlobal
