
Microsoft Visual Studio Solution File, Format Version 12.00
# Visual Studio 2012
Project("{FAE04EC0-301F-11D3-BF4B-00C04F79EFBC}") = "BridgePatter_Basics", "BridgePatter_Basics\BridgePatter_Basics.csproj", "{D7FB1BDD-4AA6-4BC0-9516-6E058D1B707C}"
EndProject
Global
	GlobalSection(SolutionConfigurationPlatforms) = preSolution
		Debug|Any CPU = Debug|Any CPU
		Release|Any CPU = Release|Any CPU
	EndGlobalSection
	GlobalSection(ProjectConfigurationPlatforms) = postSolution
		{D7FB1BDD-4AA6-4BC0-9516-6E058D1B707C}.Debug|Any CPU.ActiveCfg = Debug|Any CPU
		{D7FB1BDD-4AA6-4BC0-9516-6E058D1B707C}.Debug|Any CPU.Build.0 = Debug|Any CPU
		{D7FB1BDD-4AA6-4BC0-9516-6E058D1B707C}.Release|Any CPU.ActiveCfg = Release|Any CPU
		{D7FB1BDD-4AA6-4BC0-9516-6E058D1B707C}.Release|Any CPU.Build.0 = Release|Any CPU
	EndGlobalSection
	GlobalSection(SolutionProperties) = preSolution
		HideSolutionNode = FALSE
	EndGlobalSection
EndGlobal
